// !$*UTF8*$!
{
	archiveVersion = 1;
	classes = {
	};
	objectVersion = 56;
	objects = {

/* Begin PBXBuildFile section */
		9D31BE332B3CE0A200A9EB60 /* FirebaseAnalytics in Frameworks */ = {isa = PBXBuildFile; productRef = 9D31BE322B3CE0A200A9EB60 /* FirebaseAnalytics */; };
		9D31BE352B3CE0A200A9EB60 /* FirebaseAnalyticsOnDeviceConversion in Frameworks */ = {isa = PBXBuildFile; productRef = 9D31BE342B3CE0A200A9EB60 /* FirebaseAnalyticsOnDeviceConversion */; };
		9D31BE372B3CE0A200A9EB60 /* FirebaseAnalyticsSwift in Frameworks */ = {isa = PBXBuildFile; productRef = 9D31BE362B3CE0A200A9EB60 /* FirebaseAnalyticsSwift */; };
		9D31BE392B3CE0A200A9EB60 /* FirebaseAnalyticsWithoutAdIdSupport in Frameworks */ = {isa = PBXBuildFile; productRef = 9D31BE382B3CE0A200A9EB60 /* FirebaseAnalyticsWithoutAdIdSupport */; };
		9D31BE3B2B3CE0A200A9EB60 /* FirebaseAppCheck in Frameworks */ = {isa = PBXBuildFile; productRef = 9D31BE3A2B3CE0A200A9EB60 /* FirebaseAppCheck */; };
		9D31BE3D2B3CE0A200A9EB60 /* FirebaseAppDistribution-Beta in Frameworks */ = {isa = PBXBuildFile; productRef = 9D31BE3C2B3CE0A200A9EB60 /* FirebaseAppDistribution-Beta */; };
		9D31BE3F2B3CE0A200A9EB60 /* FirebaseAuth in Frameworks */ = {isa = PBXBuildFile; productRef = 9D31BE3E2B3CE0A200A9EB60 /* FirebaseAuth */; };
		9D31BE412B3CE0A200A9EB60 /* FirebaseAuthCombine-Community in Frameworks */ = {isa = PBXBuildFile; productRef = 9D31BE402B3CE0A200A9EB60 /* FirebaseAuthCombine-Community */; };
		9D31BE432B3CE0A200A9EB60 /* FirebaseCrashlytics in Frameworks */ = {isa = PBXBuildFile; productRef = 9D31BE422B3CE0A200A9EB60 /* FirebaseCrashlytics */; };
		9D31BE452B3CE0A200A9EB60 /* FirebaseDatabase in Frameworks */ = {isa = PBXBuildFile; productRef = 9D31BE442B3CE0A200A9EB60 /* FirebaseDatabase */; };
		9D31BE472B3CE0A200A9EB60 /* FirebaseDatabaseSwift in Frameworks */ = {isa = PBXBuildFile; productRef = 9D31BE462B3CE0A200A9EB60 /* FirebaseDatabaseSwift */; };
		9D31BE492B3CE0A200A9EB60 /* FirebaseDynamicLinks in Frameworks */ = {isa = PBXBuildFile; productRef = 9D31BE482B3CE0A200A9EB60 /* FirebaseDynamicLinks */; };
		9D31BE4B2B3CE0A200A9EB60 /* FirebaseFirestore in Frameworks */ = {isa = PBXBuildFile; productRef = 9D31BE4A2B3CE0A200A9EB60 /* FirebaseFirestore */; };
		9D31BE4D2B3CE0A200A9EB60 /* FirebaseFirestoreCombine-Community in Frameworks */ = {isa = PBXBuildFile; productRef = 9D31BE4C2B3CE0A200A9EB60 /* FirebaseFirestoreCombine-Community */; };
		9D31BE4F2B3CE0A200A9EB60 /* FirebaseFirestoreSwift in Frameworks */ = {isa = PBXBuildFile; productRef = 9D31BE4E2B3CE0A200A9EB60 /* FirebaseFirestoreSwift */; };
		9D31BE512B3CE0A200A9EB60 /* FirebaseFunctions in Frameworks */ = {isa = PBXBuildFile; productRef = 9D31BE502B3CE0A200A9EB60 /* FirebaseFunctions */; };
		9D31BE532B3CE0A200A9EB60 /* FirebaseFunctionsCombine-Community in Frameworks */ = {isa = PBXBuildFile; productRef = 9D31BE522B3CE0A200A9EB60 /* FirebaseFunctionsCombine-Community */; };
		9D31BE552B3CE0A200A9EB60 /* FirebaseInAppMessaging-Beta in Frameworks */ = {isa = PBXBuildFile; productRef = 9D31BE542B3CE0A200A9EB60 /* FirebaseInAppMessaging-Beta */; };
		9D31BE572B3CE0A200A9EB60 /* FirebaseInAppMessagingSwift-Beta in Frameworks */ = {isa = PBXBuildFile; productRef = 9D31BE562B3CE0A200A9EB60 /* FirebaseInAppMessagingSwift-Beta */; };
		9D31BE592B3CE0A200A9EB60 /* FirebaseInstallations in Frameworks */ = {isa = PBXBuildFile; productRef = 9D31BE582B3CE0A200A9EB60 /* FirebaseInstallations */; };
		9D31BE5B2B3CE0A200A9EB60 /* FirebaseMLModelDownloader in Frameworks */ = {isa = PBXBuildFile; productRef = 9D31BE5A2B3CE0A200A9EB60 /* FirebaseMLModelDownloader */; };
		9D31BE5D2B3CE0A200A9EB60 /* FirebaseMessaging in Frameworks */ = {isa = PBXBuildFile; productRef = 9D31BE5C2B3CE0A200A9EB60 /* FirebaseMessaging */; };
		9D31BE5F2B3CE0A200A9EB60 /* FirebasePerformance in Frameworks */ = {isa = PBXBuildFile; productRef = 9D31BE5E2B3CE0A200A9EB60 /* FirebasePerformance */; };
		9D31BE612B3CE0A200A9EB60 /* FirebaseRemoteConfig in Frameworks */ = {isa = PBXBuildFile; productRef = 9D31BE602B3CE0A200A9EB60 /* FirebaseRemoteConfig */; };
		9D31BE632B3CE0A200A9EB60 /* FirebaseRemoteConfigSwift in Frameworks */ = {isa = PBXBuildFile; productRef = 9D31BE622B3CE0A200A9EB60 /* FirebaseRemoteConfigSwift */; };
		9D31BE652B3CE0A200A9EB60 /* FirebaseStorage in Frameworks */ = {isa = PBXBuildFile; productRef = 9D31BE642B3CE0A200A9EB60 /* FirebaseStorage */; };
		9D31BE672B3CE0A200A9EB60 /* FirebaseStorageCombine-Community in Frameworks */ = {isa = PBXBuildFile; productRef = 9D31BE662B3CE0A200A9EB60 /* FirebaseStorageCombine-Community */; };
		9D31BE692B3CE10200A9EB60 /* GoogleService-Info.plist in Resources */ = {isa = PBXBuildFile; fileRef = 9D31BE682B3CE10200A9EB60 /* GoogleService-Info.plist */; };
		9D31BE6B2B3CEA2300A9EB60 /* DataManager.swift in Sources */ = {isa = PBXBuildFile; fileRef = 9D31BE6A2B3CEA2300A9EB60 /* DataManager.swift */; };
		9D31BE6D2B3CEB1600A9EB60 /* User.swift in Sources */ = {isa = PBXBuildFile; fileRef = 9D31BE6C2B3CEB1600A9EB60 /* User.swift */; };
		9D3B939F2B328599006849DC /* sleepscoreApp.swift in Sources */ = {isa = PBXBuildFile; fileRef = 9D3B939E2B328599006849DC /* sleepscoreApp.swift */; };
		9D3B93A12B328599006849DC /* ContentView.swift in Sources */ = {isa = PBXBuildFile; fileRef = 9D3B93A02B328599006849DC /* ContentView.swift */; };
		9D3B93A32B32859A006849DC /* Assets.xcassets in Resources */ = {isa = PBXBuildFile; fileRef = 9D3B93A22B32859A006849DC /* Assets.xcassets */; };
		9D3B93A72B32859A006849DC /* Preview Assets.xcassets in Resources */ = {isa = PBXBuildFile; fileRef = 9D3B93A62B32859A006849DC /* Preview Assets.xcassets */; };
		9D3B93B42B3287F8006849DC /* HomeView.swift in Sources */ = {isa = PBXBuildFile; fileRef = 9D3B93B32B3287F8006849DC /* HomeView.swift */; };
		9D3B93BA2B328B22006849DC /* sleepscoreTabView.swift in Sources */ = {isa = PBXBuildFile; fileRef = 9D3B93B92B328B22006849DC /* sleepscoreTabView.swift */; };
		9DB780062B3F7A50003A147F /* Profile.swift in Sources */ = {isa = PBXBuildFile; fileRef = 9DB780052B3F7A50003A147F /* Profile.swift */; };
		9DB780082B3F8063003A147F /* Sleep.swift in Sources */ = {isa = PBXBuildFile; fileRef = 9DB780072B3F8063003A147F /* Sleep.swift */; };
		9DB7800A2B41011C003A147F /* LastNightCard.swift in Sources */ = {isa = PBXBuildFile; fileRef = 9DB780092B41011C003A147F /* LastNightCard.swift */; };
		9DB7800C2B410967003A147F /* LeaderboardCard.swift in Sources */ = {isa = PBXBuildFile; fileRef = 9DB7800B2B410967003A147F /* LeaderboardCard.swift */; };
		9DB780102B416ABC003A147F /* AddFriendCard.swift in Sources */ = {isa = PBXBuildFile; fileRef = 9DB7800F2B416ABC003A147F /* AddFriendCard.swift */; };
		9DB780122B41F38D003A147F /* AddFriendSheet.swift in Sources */ = {isa = PBXBuildFile; fileRef = 9DB780112B41F38D003A147F /* AddFriendSheet.swift */; };
		9DB780162B422A9F003A147F /* Poppins in Resources */ = {isa = PBXBuildFile; fileRef = 9DB780152B422A9E003A147F /* Poppins */; };
		9DB780182B422D5B003A147F /* ProfileCard.swift in Sources */ = {isa = PBXBuildFile; fileRef = 9DB780172B422D5B003A147F /* ProfileCard.swift */; };
		9DDE59AF2B38AED400F48106 /* SleepCard.swift in Sources */ = {isa = PBXBuildFile; fileRef = 9DDE59AE2B38AED400F48106 /* SleepCard.swift */; };
		9DDE59B12B38B18D00F48106 /* HealthManager.swift in Sources */ = {isa = PBXBuildFile; fileRef = 9DDE59B02B38B18D00F48106 /* HealthManager.swift */; };
/* End PBXBuildFile section */

/* Begin PBXFileReference section */
		9D31BE682B3CE10200A9EB60 /* GoogleService-Info.plist */ = {isa = PBXFileReference; fileEncoding = 4; lastKnownFileType = text.plist.xml; name = "GoogleService-Info.plist"; path = "../../../Downloads/GoogleService-Info.plist"; sourceTree = "<group>"; };
		9D31BE6A2B3CEA2300A9EB60 /* DataManager.swift */ = {isa = PBXFileReference; lastKnownFileType = sourcecode.swift; path = DataManager.swift; sourceTree = "<group>"; };
		9D31BE6C2B3CEB1600A9EB60 /* User.swift */ = {isa = PBXFileReference; lastKnownFileType = sourcecode.swift; path = User.swift; sourceTree = "<group>"; };
		9D3B939B2B328599006849DC /* sleepscore.app */ = {isa = PBXFileReference; explicitFileType = wrapper.application; includeInIndex = 0; path = sleepscore.app; sourceTree = BUILT_PRODUCTS_DIR; };
		9D3B939E2B328599006849DC /* sleepscoreApp.swift */ = {isa = PBXFileReference; lastKnownFileType = sourcecode.swift; path = sleepscoreApp.swift; sourceTree = "<group>"; };
		9D3B93A02B328599006849DC /* ContentView.swift */ = {isa = PBXFileReference; lastKnownFileType = sourcecode.swift; path = ContentView.swift; sourceTree = "<group>"; };
		9D3B93A22B32859A006849DC /* Assets.xcassets */ = {isa = PBXFileReference; lastKnownFileType = folder.assetcatalog; path = Assets.xcassets; sourceTree = "<group>"; };
		9D3B93A42B32859A006849DC /* sleepscore.entitlements */ = {isa = PBXFileReference; lastKnownFileType = text.plist.entitlements; path = sleepscore.entitlements; sourceTree = "<group>"; };
		9D3B93A62B32859A006849DC /* Preview Assets.xcassets */ = {isa = PBXFileReference; lastKnownFileType = folder.assetcatalog; path = "Preview Assets.xcassets"; sourceTree = "<group>"; };
		9D3B93B32B3287F8006849DC /* HomeView.swift */ = {isa = PBXFileReference; lastKnownFileType = sourcecode.swift; path = HomeView.swift; sourceTree = "<group>"; };
		9D3B93B92B328B22006849DC /* sleepscoreTabView.swift */ = {isa = PBXFileReference; lastKnownFileType = sourcecode.swift; path = sleepscoreTabView.swift; sourceTree = "<group>"; };
		9DB780052B3F7A50003A147F /* Profile.swift */ = {isa = PBXFileReference; lastKnownFileType = sourcecode.swift; path = Profile.swift; sourceTree = "<group>"; };
		9DB780072B3F8063003A147F /* Sleep.swift */ = {isa = PBXFileReference; lastKnownFileType = sourcecode.swift; path = Sleep.swift; sourceTree = "<group>"; };
		9DB780092B41011C003A147F /* LastNightCard.swift */ = {isa = PBXFileReference; lastKnownFileType = sourcecode.swift; path = LastNightCard.swift; sourceTree = "<group>"; };
		9DB7800B2B410967003A147F /* LeaderboardCard.swift */ = {isa = PBXFileReference; lastKnownFileType = sourcecode.swift; path = LeaderboardCard.swift; sourceTree = "<group>"; };
		9DB7800F2B416ABC003A147F /* AddFriendCard.swift */ = {isa = PBXFileReference; lastKnownFileType = sourcecode.swift; path = AddFriendCard.swift; sourceTree = "<group>"; };
		9DB780112B41F38D003A147F /* AddFriendSheet.swift */ = {isa = PBXFileReference; lastKnownFileType = sourcecode.swift; path = AddFriendSheet.swift; sourceTree = "<group>"; };
		9DB780152B422A9E003A147F /* Poppins */ = {isa = PBXFileReference; lastKnownFileType = folder; path = Poppins; sourceTree = "<group>"; };
		9DB780172B422D5B003A147F /* ProfileCard.swift */ = {isa = PBXFileReference; lastKnownFileType = sourcecode.swift; path = ProfileCard.swift; sourceTree = "<group>"; };
		9DDE59AE2B38AED400F48106 /* SleepCard.swift */ = {isa = PBXFileReference; lastKnownFileType = sourcecode.swift; path = SleepCard.swift; sourceTree = "<group>"; };
		9DDE59B02B38B18D00F48106 /* HealthManager.swift */ = {isa = PBXFileReference; lastKnownFileType = sourcecode.swift; path = HealthManager.swift; sourceTree = "<group>"; };
/* End PBXFileReference section */

/* Begin PBXFrameworksBuildPhase section */
		9D3B93982B328599006849DC /* Frameworks */ = {
			isa = PBXFrameworksBuildPhase;
			buildActionMask = 2147483647;
			files = (
				9D31BE452B3CE0A200A9EB60 /* FirebaseDatabase in Frameworks */,
				9D31BE532B3CE0A200A9EB60 /* FirebaseFunctionsCombine-Community in Frameworks */,
				9D31BE4B2B3CE0A200A9EB60 /* FirebaseFirestore in Frameworks */,
				9D31BE372B3CE0A200A9EB60 /* FirebaseAnalyticsSwift in Frameworks */,
				9D31BE332B3CE0A200A9EB60 /* FirebaseAnalytics in Frameworks */,
				9D31BE352B3CE0A200A9EB60 /* FirebaseAnalyticsOnDeviceConversion in Frameworks */,
				9D31BE5B2B3CE0A200A9EB60 /* FirebaseMLModelDownloader in Frameworks */,
				9D31BE4F2B3CE0A200A9EB60 /* FirebaseFirestoreSwift in Frameworks */,
				9D31BE3B2B3CE0A200A9EB60 /* FirebaseAppCheck in Frameworks */,
				9D31BE392B3CE0A200A9EB60 /* FirebaseAnalyticsWithoutAdIdSupport in Frameworks */,
				9D31BE3F2B3CE0A200A9EB60 /* FirebaseAuth in Frameworks */,
				9D31BE432B3CE0A200A9EB60 /* FirebaseCrashlytics in Frameworks */,
				9D31BE632B3CE0A200A9EB60 /* FirebaseRemoteConfigSwift in Frameworks */,
				9D31BE552B3CE0A200A9EB60 /* FirebaseInAppMessaging-Beta in Frameworks */,
				9D31BE472B3CE0A200A9EB60 /* FirebaseDatabaseSwift in Frameworks */,
				9D31BE512B3CE0A200A9EB60 /* FirebaseFunctions in Frameworks */,
				9D31BE672B3CE0A200A9EB60 /* FirebaseStorageCombine-Community in Frameworks */,
				9D31BE612B3CE0A200A9EB60 /* FirebaseRemoteConfig in Frameworks */,
				9D31BE3D2B3CE0A200A9EB60 /* FirebaseAppDistribution-Beta in Frameworks */,
				9D31BE412B3CE0A200A9EB60 /* FirebaseAuthCombine-Community in Frameworks */,
				9D31BE5F2B3CE0A200A9EB60 /* FirebasePerformance in Frameworks */,
				9D31BE572B3CE0A200A9EB60 /* FirebaseInAppMessagingSwift-Beta in Frameworks */,
				9D31BE652B3CE0A200A9EB60 /* FirebaseStorage in Frameworks */,
				9D31BE492B3CE0A200A9EB60 /* FirebaseDynamicLinks in Frameworks */,
				9D31BE4D2B3CE0A200A9EB60 /* FirebaseFirestoreCombine-Community in Frameworks */,
				9D31BE5D2B3CE0A200A9EB60 /* FirebaseMessaging in Frameworks */,
				9D31BE592B3CE0A200A9EB60 /* FirebaseInstallations in Frameworks */,
			);
			runOnlyForDeploymentPostprocessing = 0;
		};
/* End PBXFrameworksBuildPhase section */

/* Begin PBXGroup section */
		9D3B93922B328599006849DC = {
			isa = PBXGroup;
			children = (
				9DB780152B422A9E003A147F /* Poppins */,
				9D3B939D2B328599006849DC /* sleepscore */,
				9D3B939C2B328599006849DC /* Products */,
			);
			sourceTree = "<group>";
			usesTabs = 0;
		};
		9D3B939C2B328599006849DC /* Products */ = {
			isa = PBXGroup;
			children = (
				9D3B939B2B328599006849DC /* sleepscore.app */,
			);
			name = Products;
			sourceTree = "<group>";
		};
		9D3B939D2B328599006849DC /* sleepscore */ = {
			isa = PBXGroup;
			children = (
				9D31BE682B3CE10200A9EB60 /* GoogleService-Info.plist */,
				9D3B939E2B328599006849DC /* sleepscoreApp.swift */,
				9D3B93A02B328599006849DC /* ContentView.swift */,
				9D3B93A22B32859A006849DC /* Assets.xcassets */,
				9D3B93A42B32859A006849DC /* sleepscore.entitlements */,
				9D3B93A52B32859A006849DC /* Preview Content */,
				9D3B93B32B3287F8006849DC /* HomeView.swift */,
				9D3B93B92B328B22006849DC /* sleepscoreTabView.swift */,
				9DDE59AE2B38AED400F48106 /* SleepCard.swift */,
				9DDE59B02B38B18D00F48106 /* HealthManager.swift */,
				9D31BE6A2B3CEA2300A9EB60 /* DataManager.swift */,
				9D31BE6C2B3CEB1600A9EB60 /* User.swift */,
				9DB780052B3F7A50003A147F /* Profile.swift */,
				9DB780072B3F8063003A147F /* Sleep.swift */,
				9DB780092B41011C003A147F /* LastNightCard.swift */,
				9DB7800B2B410967003A147F /* LeaderboardCard.swift */,
				9DB7800F2B416ABC003A147F /* AddFriendCard.swift */,
				9DB780112B41F38D003A147F /* AddFriendSheet.swift */,
				9DB780172B422D5B003A147F /* ProfileCard.swift */,
			);
			path = sleepscore;
			sourceTree = "<group>";
		};
		9D3B93A52B32859A006849DC /* Preview Content */ = {
			isa = PBXGroup;
			children = (
				9D3B93A62B32859A006849DC /* Preview Assets.xcassets */,
			);
			path = "Preview Content";
			sourceTree = "<group>";
		};
/* End PBXGroup section */

/* Begin PBXNativeTarget section */
		9D3B939A2B328599006849DC /* sleepscore */ = {
			isa = PBXNativeTarget;
			buildConfigurationList = 9D3B93AA2B32859A006849DC /* Build configuration list for PBXNativeTarget "sleepscore" */;
			buildPhases = (
				9D3B93972B328599006849DC /* Sources */,
				9D3B93982B328599006849DC /* Frameworks */,
				9D3B93992B328599006849DC /* Resources */,
			);
			buildRules = (
			);
			dependencies = (
			);
			name = sleepscore;
			packageProductDependencies = (
				9D31BE322B3CE0A200A9EB60 /* FirebaseAnalytics */,
				9D31BE342B3CE0A200A9EB60 /* FirebaseAnalyticsOnDeviceConversion */,
				9D31BE362B3CE0A200A9EB60 /* FirebaseAnalyticsSwift */,
				9D31BE382B3CE0A200A9EB60 /* FirebaseAnalyticsWithoutAdIdSupport */,
				9D31BE3A2B3CE0A200A9EB60 /* FirebaseAppCheck */,
				9D31BE3C2B3CE0A200A9EB60 /* FirebaseAppDistribution-Beta */,
				9D31BE3E2B3CE0A200A9EB60 /* FirebaseAuth */,
				9D31BE402B3CE0A200A9EB60 /* FirebaseAuthCombine-Community */,
				9D31BE422B3CE0A200A9EB60 /* FirebaseCrashlytics */,
				9D31BE442B3CE0A200A9EB60 /* FirebaseDatabase */,
				9D31BE462B3CE0A200A9EB60 /* FirebaseDatabaseSwift */,
				9D31BE482B3CE0A200A9EB60 /* FirebaseDynamicLinks */,
				9D31BE4A2B3CE0A200A9EB60 /* FirebaseFirestore */,
				9D31BE4C2B3CE0A200A9EB60 /* FirebaseFirestoreCombine-Community */,
				9D31BE4E2B3CE0A200A9EB60 /* FirebaseFirestoreSwift */,
				9D31BE502B3CE0A200A9EB60 /* FirebaseFunctions */,
				9D31BE522B3CE0A200A9EB60 /* FirebaseFunctionsCombine-Community */,
				9D31BE542B3CE0A200A9EB60 /* FirebaseInAppMessaging-Beta */,
				9D31BE562B3CE0A200A9EB60 /* FirebaseInAppMessagingSwift-Beta */,
				9D31BE582B3CE0A200A9EB60 /* FirebaseInstallations */,
				9D31BE5A2B3CE0A200A9EB60 /* FirebaseMLModelDownloader */,
				9D31BE5C2B3CE0A200A9EB60 /* FirebaseMessaging */,
				9D31BE5E2B3CE0A200A9EB60 /* FirebasePerformance */,
				9D31BE602B3CE0A200A9EB60 /* FirebaseRemoteConfig */,
				9D31BE622B3CE0A200A9EB60 /* FirebaseRemoteConfigSwift */,
				9D31BE642B3CE0A200A9EB60 /* FirebaseStorage */,
				9D31BE662B3CE0A200A9EB60 /* FirebaseStorageCombine-Community */,
			);
			productName = sleepscore;
			productReference = 9D3B939B2B328599006849DC /* sleepscore.app */;
			productType = "com.apple.product-type.application";
		};
/* End PBXNativeTarget section */

/* Begin PBXProject section */
		9D3B93932B328599006849DC /* Project object */ = {
			isa = PBXProject;
			attributes = {
				BuildIndependentTargetsInParallel = 1;
				LastSwiftUpdateCheck = 1430;
				LastUpgradeCheck = 1430;
				TargetAttributes = {
					9D3B939A2B328599006849DC = {
						CreatedOnToolsVersion = 14.3;
					};
				};
			};
			buildConfigurationList = 9D3B93962B328599006849DC /* Build configuration list for PBXProject "sleepscore" */;
			compatibilityVersion = "Xcode 14.0";
			developmentRegion = en;
			hasScannedForEncodings = 0;
			knownRegions = (
				en,
				Base,
			);
			mainGroup = 9D3B93922B328599006849DC;
			packageReferences = (
				9D31BE312B3CE0A200A9EB60 /* XCRemoteSwiftPackageReference "firebase-ios-sdk" */,
			);
			productRefGroup = 9D3B939C2B328599006849DC /* Products */;
			projectDirPath = "";
			projectRoot = "";
			targets = (
				9D3B939A2B328599006849DC /* sleepscore */,
			);
		};
/* End PBXProject section */

/* Begin PBXResourcesBuildPhase section */
		9D3B93992B328599006849DC /* Resources */ = {
			isa = PBXResourcesBuildPhase;
			buildActionMask = 2147483647;
			files = (
				9DB780162B422A9F003A147F /* Poppins in Resources */,
				9D3B93A72B32859A006849DC /* Preview Assets.xcassets in Resources */,
				9D3B93A32B32859A006849DC /* Assets.xcassets in Resources */,
				9D31BE692B3CE10200A9EB60 /* GoogleService-Info.plist in Resources */,
			);
			runOnlyForDeploymentPostprocessing = 0;
		};
/* End PBXResourcesBuildPhase section */

/* Begin PBXSourcesBuildPhase section */
		9D3B93972B328599006849DC /* Sources */ = {
			isa = PBXSourcesBuildPhase;
			buildActionMask = 2147483647;
			files = (
				9D3B93B42B3287F8006849DC /* HomeView.swift in Sources */,
				9DB780082B3F8063003A147F /* Sleep.swift in Sources */,
				9D31BE6B2B3CEA2300A9EB60 /* DataManager.swift in Sources */,
				9DDE59B12B38B18D00F48106 /* HealthManager.swift in Sources */,
				9DB7800A2B41011C003A147F /* LastNightCard.swift in Sources */,
				9DB780182B422D5B003A147F /* ProfileCard.swift in Sources */,
				9DB780102B416ABC003A147F /* AddFriendCard.swift in Sources */,
				9D3B93BA2B328B22006849DC /* sleepscoreTabView.swift in Sources */,
				9DB780122B41F38D003A147F /* AddFriendSheet.swift in Sources */,
				9D31BE6D2B3CEB1600A9EB60 /* User.swift in Sources */,
				9DB7800C2B410967003A147F /* LeaderboardCard.swift in Sources */,
				9D3B93A12B328599006849DC /* ContentView.swift in Sources */,
				9DDE59AF2B38AED400F48106 /* SleepCard.swift in Sources */,
				9DB780062B3F7A50003A147F /* Profile.swift in Sources */,
				9D3B939F2B328599006849DC /* sleepscoreApp.swift in Sources */,
			);
			runOnlyForDeploymentPostprocessing = 0;
		};
/* End PBXSourcesBuildPhase section */

/* Begin XCBuildConfiguration section */
		9D3B93A82B32859A006849DC /* Debug */ = {
			isa = XCBuildConfiguration;
			buildSettings = {
				ALWAYS_SEARCH_USER_PATHS = NO;
				CLANG_ANALYZER_NONNULL = YES;
				CLANG_ANALYZER_NUMBER_OBJECT_CONVERSION = YES_AGGRESSIVE;
				CLANG_CXX_LANGUAGE_STANDARD = "gnu++20";
				CLANG_ENABLE_MODULES = YES;
				CLANG_ENABLE_OBJC_ARC = YES;
				CLANG_ENABLE_OBJC_WEAK = YES;
				CLANG_WARN_BLOCK_CAPTURE_AUTORELEASING = YES;
				CLANG_WARN_BOOL_CONVERSION = YES;
				CLANG_WARN_COMMA = YES;
				CLANG_WARN_CONSTANT_CONVERSION = YES;
				CLANG_WARN_DEPRECATED_OBJC_IMPLEMENTATIONS = YES;
				CLANG_WARN_DIRECT_OBJC_ISA_USAGE = YES_ERROR;
				CLANG_WARN_DOCUMENTATION_COMMENTS = YES;
				CLANG_WARN_EMPTY_BODY = YES;
				CLANG_WARN_ENUM_CONVERSION = YES;
				CLANG_WARN_INFINITE_RECURSION = YES;
				CLANG_WARN_INT_CONVERSION = YES;
				CLANG_WARN_NON_LITERAL_NULL_CONVERSION = YES;
				CLANG_WARN_OBJC_IMPLICIT_RETAIN_SELF = YES;
				CLANG_WARN_OBJC_LITERAL_CONVERSION = YES;
				CLANG_WARN_OBJC_ROOT_CLASS = YES_ERROR;
				CLANG_WARN_QUOTED_INCLUDE_IN_FRAMEWORK_HEADER = YES;
				CLANG_WARN_RANGE_LOOP_ANALYSIS = YES;
				CLANG_WARN_STRICT_PROTOTYPES = YES;
				CLANG_WARN_SUSPICIOUS_MOVE = YES;
				CLANG_WARN_UNGUARDED_AVAILABILITY = YES_AGGRESSIVE;
				CLANG_WARN_UNREACHABLE_CODE = YES;
				CLANG_WARN__DUPLICATE_METHOD_MATCH = YES;
				COPY_PHASE_STRIP = NO;
				DEBUG_INFORMATION_FORMAT = dwarf;
				ENABLE_STRICT_OBJC_MSGSEND = YES;
				ENABLE_TESTABILITY = YES;
				GCC_C_LANGUAGE_STANDARD = gnu11;
				GCC_DYNAMIC_NO_PIC = NO;
				GCC_NO_COMMON_BLOCKS = YES;
				GCC_OPTIMIZATION_LEVEL = 0;
				GCC_PREPROCESSOR_DEFINITIONS = (
					"DEBUG=1",
					"$(inherited)",
				);
				GCC_WARN_64_TO_32_BIT_CONVERSION = YES;
				GCC_WARN_ABOUT_RETURN_TYPE = YES_ERROR;
				GCC_WARN_UNDECLARED_SELECTOR = YES;
				GCC_WARN_UNINITIALIZED_AUTOS = YES_AGGRESSIVE;
				GCC_WARN_UNUSED_FUNCTION = YES;
				GCC_WARN_UNUSED_VARIABLE = YES;
				MTL_ENABLE_DEBUG_INFO = INCLUDE_SOURCE;
				MTL_FAST_MATH = YES;
				ONLY_ACTIVE_ARCH = YES;
				SWIFT_ACTIVE_COMPILATION_CONDITIONS = DEBUG;
				SWIFT_OPTIMIZATION_LEVEL = "-Onone";
			};
			name = Debug;
		};
		9D3B93A92B32859A006849DC /* Release */ = {
			isa = XCBuildConfiguration;
			buildSettings = {
				ALWAYS_SEARCH_USER_PATHS = NO;
				CLANG_ANALYZER_NONNULL = YES;
				CLANG_ANALYZER_NUMBER_OBJECT_CONVERSION = YES_AGGRESSIVE;
				CLANG_CXX_LANGUAGE_STANDARD = "gnu++20";
				CLANG_ENABLE_MODULES = YES;
				CLANG_ENABLE_OBJC_ARC = YES;
				CLANG_ENABLE_OBJC_WEAK = YES;
				CLANG_WARN_BLOCK_CAPTURE_AUTORELEASING = YES;
				CLANG_WARN_BOOL_CONVERSION = YES;
				CLANG_WARN_COMMA = YES;
				CLANG_WARN_CONSTANT_CONVERSION = YES;
				CLANG_WARN_DEPRECATED_OBJC_IMPLEMENTATIONS = YES;
				CLANG_WARN_DIRECT_OBJC_ISA_USAGE = YES_ERROR;
				CLANG_WARN_DOCUMENTATION_COMMENTS = YES;
				CLANG_WARN_EMPTY_BODY = YES;
				CLANG_WARN_ENUM_CONVERSION = YES;
				CLANG_WARN_INFINITE_RECURSION = YES;
				CLANG_WARN_INT_CONVERSION = YES;
				CLANG_WARN_NON_LITERAL_NULL_CONVERSION = YES;
				CLANG_WARN_OBJC_IMPLICIT_RETAIN_SELF = YES;
				CLANG_WARN_OBJC_LITERAL_CONVERSION = YES;
				CLANG_WARN_OBJC_ROOT_CLASS = YES_ERROR;
				CLANG_WARN_QUOTED_INCLUDE_IN_FRAMEWORK_HEADER = YES;
				CLANG_WARN_RANGE_LOOP_ANALYSIS = YES;
				CLANG_WARN_STRICT_PROTOTYPES = YES;
				CLANG_WARN_SUSPICIOUS_MOVE = YES;
				CLANG_WARN_UNGUARDED_AVAILABILITY = YES_AGGRESSIVE;
				CLANG_WARN_UNREACHABLE_CODE = YES;
				CLANG_WARN__DUPLICATE_METHOD_MATCH = YES;
				COPY_PHASE_STRIP = NO;
				DEBUG_INFORMATION_FORMAT = "dwarf-with-dsym";
				ENABLE_NS_ASSERTIONS = NO;
				ENABLE_STRICT_OBJC_MSGSEND = YES;
				GCC_C_LANGUAGE_STANDARD = gnu11;
				GCC_NO_COMMON_BLOCKS = YES;
				GCC_WARN_64_TO_32_BIT_CONVERSION = YES;
				GCC_WARN_ABOUT_RETURN_TYPE = YES_ERROR;
				GCC_WARN_UNDECLARED_SELECTOR = YES;
				GCC_WARN_UNINITIALIZED_AUTOS = YES_AGGRESSIVE;
				GCC_WARN_UNUSED_FUNCTION = YES;
				GCC_WARN_UNUSED_VARIABLE = YES;
				MTL_ENABLE_DEBUG_INFO = NO;
				MTL_FAST_MATH = YES;
				SWIFT_COMPILATION_MODE = wholemodule;
				SWIFT_OPTIMIZATION_LEVEL = "-O";
			};
			name = Release;
		};
		9D3B93AB2B32859A006849DC /* Debug */ = {
			isa = XCBuildConfiguration;
			buildSettings = {
				ASSETCATALOG_COMPILER_APPICON_NAME = AppIcon;
				ASSETCATALOG_COMPILER_GLOBAL_ACCENT_COLOR_NAME = AccentColor;
				CODE_SIGN_ENTITLEMENTS = sleepscore/sleepscore.entitlements;
				CODE_SIGN_STYLE = Automatic;
				CURRENT_PROJECT_VERSION = 1;
				DEVELOPMENT_ASSET_PATHS = "\"sleepscore/Preview Content\"";
				DEVELOPMENT_TEAM = 4QY9LPWB45;
				ENABLE_HARDENED_RUNTIME = YES;
				ENABLE_PREVIEWS = YES;
				GENERATE_INFOPLIST_FILE = YES;
				INFOPLIST_KEY_NSHealthShareUsageDescription = "Please allow access to use app";
				"INFOPLIST_KEY_UIApplicationSceneManifest_Generation[sdk=iphoneos*]" = YES;
				"INFOPLIST_KEY_UIApplicationSceneManifest_Generation[sdk=iphonesimulator*]" = YES;
				"INFOPLIST_KEY_UIApplicationSupportsIndirectInputEvents[sdk=iphoneos*]" = YES;
				"INFOPLIST_KEY_UIApplicationSupportsIndirectInputEvents[sdk=iphonesimulator*]" = YES;
				"INFOPLIST_KEY_UILaunchScreen_Generation[sdk=iphoneos*]" = YES;
				"INFOPLIST_KEY_UILaunchScreen_Generation[sdk=iphonesimulator*]" = YES;
				"INFOPLIST_KEY_UIStatusBarStyle[sdk=iphoneos*]" = UIStatusBarStyleDefault;
				"INFOPLIST_KEY_UIStatusBarStyle[sdk=iphonesimulator*]" = UIStatusBarStyleDefault;
				INFOPLIST_KEY_UISupportedInterfaceOrientations_iPad = UIInterfaceOrientationPortrait;
				INFOPLIST_KEY_UISupportedInterfaceOrientations_iPhone = "UIInterfaceOrientationPortrait UIInterfaceOrientationLandscapeLeft UIInterfaceOrientationLandscapeRight";
				IPHONEOS_DEPLOYMENT_TARGET = 16.4;
				LD_RUNPATH_SEARCH_PATHS = "@executable_path/Frameworks";
				"LD_RUNPATH_SEARCH_PATHS[sdk=macosx*]" = "@executable_path/../Frameworks";
				MACOSX_DEPLOYMENT_TARGET = 13.2;
				MARKETING_VERSION = 1.0;
				PRODUCT_BUNDLE_IDENTIFIER = "dev.max-lee.sleepscore";
				PRODUCT_NAME = "$(TARGET_NAME)";
				SDKROOT = auto;
				SUPPORTED_PLATFORMS = "iphoneos iphonesimulator macosx";
				SWIFT_EMIT_LOC_STRINGS = YES;
				SWIFT_VERSION = 5.0;
				TARGETED_DEVICE_FAMILY = "1,2";
			};
			name = Debug;
		};
		9D3B93AC2B32859A006849DC /* Release */ = {
			isa = XCBuildConfiguration;
			buildSettings = {
				ASSETCATALOG_COMPILER_APPICON_NAME = AppIcon;
				ASSETCATALOG_COMPILER_GLOBAL_ACCENT_COLOR_NAME = AccentColor;
				CODE_SIGN_ENTITLEMENTS = sleepscore/sleepscore.entitlements;
				CODE_SIGN_STYLE = Automatic;
				CURRENT_PROJECT_VERSION = 1;
				DEVELOPMENT_ASSET_PATHS = "\"sleepscore/Preview Content\"";
				DEVELOPMENT_TEAM = 4QY9LPWB45;
				ENABLE_HARDENED_RUNTIME = YES;
				ENABLE_PREVIEWS = YES;
				GENERATE_INFOPLIST_FILE = YES;
				INFOPLIST_KEY_NSHealthShareUsageDescription = "Please allow access to use app";
				"INFOPLIST_KEY_UIApplicationSceneManifest_Generation[sdk=iphoneos*]" = YES;
				"INFOPLIST_KEY_UIApplicationSceneManifest_Generation[sdk=iphonesimulator*]" = YES;
				"INFOPLIST_KEY_UIApplicationSupportsIndirectInputEvents[sdk=iphoneos*]" = YES;
				"INFOPLIST_KEY_UIApplicationSupportsIndirectInputEvents[sdk=iphonesimulator*]" = YES;
				"INFOPLIST_KEY_UILaunchScreen_Generation[sdk=iphoneos*]" = YES;
				"INFOPLIST_KEY_UILaunchScreen_Generation[sdk=iphonesimulator*]" = YES;
				"INFOPLIST_KEY_UIStatusBarStyle[sdk=iphoneos*]" = UIStatusBarStyleDefault;
				"INFOPLIST_KEY_UIStatusBarStyle[sdk=iphonesimulator*]" = UIStatusBarStyleDefault;
				INFOPLIST_KEY_UISupportedInterfaceOrientations_iPad = UIInterfaceOrientationPortrait;
				INFOPLIST_KEY_UISupportedInterfaceOrientations_iPhone = "UIInterfaceOrientationPortrait UIInterfaceOrientationLandscapeLeft UIInterfaceOrientationLandscapeRight";
				IPHONEOS_DEPLOYMENT_TARGET = 16.4;
				LD_RUNPATH_SEARCH_PATHS = "@executable_path/Frameworks";
				"LD_RUNPATH_SEARCH_PATHS[sdk=macosx*]" = "@executable_path/../Frameworks";
				MACOSX_DEPLOYMENT_TARGET = 13.2;
				MARKETING_VERSION = 1.0;
				PRODUCT_BUNDLE_IDENTIFIER = "dev.max-lee.sleepscore";
				PRODUCT_NAME = "$(TARGET_NAME)";
				SDKROOT = auto;
				SUPPORTED_PLATFORMS = "iphoneos iphonesimulator macosx";
				SWIFT_EMIT_LOC_STRINGS = YES;
				SWIFT_VERSION = 5.0;
				TARGETED_DEVICE_FAMILY = "1,2";
			};
			name = Release;
		};
/* End XCBuildConfiguration section */

/* Begin XCConfigurationList section */
		9D3B93962B328599006849DC /* Build configuration list for PBXProject "sleepscore" */ = {
			isa = XCConfigurationList;
			buildConfigurations = (
				9D3B93A82B32859A006849DC /* Debug */,
				9D3B93A92B32859A006849DC /* Release */,
			);
			defaultConfigurationIsVisible = 0;
			defaultConfigurationName = Release;
		};
		9D3B93AA2B32859A006849DC /* Build configuration list for PBXNativeTarget "sleepscore" */ = {
			isa = XCConfigurationList;
			buildConfigurations = (
				9D3B93AB2B32859A006849DC /* Debug */,
				9D3B93AC2B32859A006849DC /* Release */,
			);
			defaultConfigurationIsVisible = 0;
			defaultConfigurationName = Release;
		};
/* End XCConfigurationList section */

/* Begin XCRemoteSwiftPackageReference section */
		9D31BE312B3CE0A200A9EB60 /* XCRemoteSwiftPackageReference "firebase-ios-sdk" */ = {
			isa = XCRemoteSwiftPackageReference;
			repositoryURL = "https://github.com/firebase/firebase-ios-sdk.git";
			requirement = {
				kind = upToNextMajorVersion;
				minimumVersion = 10.19.1;
			};
		};
/* End XCRemoteSwiftPackageReference section */

/* Begin XCSwiftPackageProductDependency section */
		9D31BE322B3CE0A200A9EB60 /* FirebaseAnalytics */ = {
			isa = XCSwiftPackageProductDependency;
			package = 9D31BE312B3CE0A200A9EB60 /* XCRemoteSwiftPackageReference "firebase-ios-sdk" */;
			productName = FirebaseAnalytics;
		};
		9D31BE342B3CE0A200A9EB60 /* FirebaseAnalyticsOnDeviceConversion */ = {
			isa = XCSwiftPackageProductDependency;
			package = 9D31BE312B3CE0A200A9EB60 /* XCRemoteSwiftPackageReference "firebase-ios-sdk" */;
			productName = FirebaseAnalyticsOnDeviceConversion;
		};
		9D31BE362B3CE0A200A9EB60 /* FirebaseAnalyticsSwift */ = {
			isa = XCSwiftPackageProductDependency;
			package = 9D31BE312B3CE0A200A9EB60 /* XCRemoteSwiftPackageReference "firebase-ios-sdk" */;
			productName = FirebaseAnalyticsSwift;
		};
		9D31BE382B3CE0A200A9EB60 /* FirebaseAnalyticsWithoutAdIdSupport */ = {
			isa = XCSwiftPackageProductDependency;
			package = 9D31BE312B3CE0A200A9EB60 /* XCRemoteSwiftPackageReference "firebase-ios-sdk" */;
			productName = FirebaseAnalyticsWithoutAdIdSupport;
		};
		9D31BE3A2B3CE0A200A9EB60 /* FirebaseAppCheck */ = {
			isa = XCSwiftPackageProductDependency;
			package = 9D31BE312B3CE0A200A9EB60 /* XCRemoteSwiftPackageReference "firebase-ios-sdk" */;
			productName = FirebaseAppCheck;
		};
		9D31BE3C2B3CE0A200A9EB60 /* FirebaseAppDistribution-Beta */ = {
			isa = XCSwiftPackageProductDependency;
			package = 9D31BE312B3CE0A200A9EB60 /* XCRemoteSwiftPackageReference "firebase-ios-sdk" */;
			productName = "FirebaseAppDistribution-Beta";
		};
		9D31BE3E2B3CE0A200A9EB60 /* FirebaseAuth */ = {
			isa = XCSwiftPackageProductDependency;
			package = 9D31BE312B3CE0A200A9EB60 /* XCRemoteSwiftPackageReference "firebase-ios-sdk" */;
			productName = FirebaseAuth;
		};
		9D31BE402B3CE0A200A9EB60 /* FirebaseAuthCombine-Community */ = {
			isa = XCSwiftPackageProductDependency;
			package = 9D31BE312B3CE0A200A9EB60 /* XCRemoteSwiftPackageReference "firebase-ios-sdk" */;
			productName = "FirebaseAuthCombine-Community";
		};
		9D31BE422B3CE0A200A9EB60 /* FirebaseCrashlytics */ = {
			isa = XCSwiftPackageProductDependency;
			package = 9D31BE312B3CE0A200A9EB60 /* XCRemoteSwiftPackageReference "firebase-ios-sdk" */;
			productName = FirebaseCrashlytics;
		};
		9D31BE442B3CE0A200A9EB60 /* FirebaseDatabase */ = {
			isa = XCSwiftPackageProductDependency;
			package = 9D31BE312B3CE0A200A9EB60 /* XCRemoteSwiftPackageReference "firebase-ios-sdk" */;
			productName = FirebaseDatabase;
		};
		9D31BE462B3CE0A200A9EB60 /* FirebaseDatabaseSwift */ = {
			isa = XCSwiftPackageProductDependency;
			package = 9D31BE312B3CE0A200A9EB60 /* XCRemoteSwiftPackageReference "firebase-ios-sdk" */;
			productName = FirebaseDatabaseSwift;
		};
		9D31BE482B3CE0A200A9EB60 /* FirebaseDynamicLinks */ = {
			isa = XCSwiftPackageProductDependency;
			package = 9D31BE312B3CE0A200A9EB60 /* XCRemoteSwiftPackageReference "firebase-ios-sdk" */;
			productName = FirebaseDynamicLinks;
		};
		9D31BE4A2B3CE0A200A9EB60 /* FirebaseFirestore */ = {
			isa = XCSwiftPackageProductDependency;
			package = 9D31BE312B3CE0A200A9EB60 /* XCRemoteSwiftPackageReference "firebase-ios-sdk" */;
			productName = FirebaseFirestore;
		};
		9D31BE4C2B3CE0A200A9EB60 /* FirebaseFirestoreCombine-Community */ = {
			isa = XCSwiftPackageProductDependency;
			package = 9D31BE312B3CE0A200A9EB60 /* XCRemoteSwiftPackageReference "firebase-ios-sdk" */;
			productName = "FirebaseFirestoreCombine-Community";
		};
		9D31BE4E2B3CE0A200A9EB60 /* FirebaseFirestoreSwift */ = {
			isa = XCSwiftPackageProductDependency;
			package = 9D31BE312B3CE0A200A9EB60 /* XCRemoteSwiftPackageReference "firebase-ios-sdk" */;
			productName = FirebaseFirestoreSwift;
		};
		9D31BE502B3CE0A200A9EB60 /* FirebaseFunctions */ = {
			isa = XCSwiftPackageProductDependency;
			package = 9D31BE312B3CE0A200A9EB60 /* XCRemoteSwiftPackageReference "firebase-ios-sdk" */;
			productName = FirebaseFunctions;
		};
		9D31BE522B3CE0A200A9EB60 /* FirebaseFunctionsCombine-Community */ = {
			isa = XCSwiftPackageProductDependency;
			package = 9D31BE312B3CE0A200A9EB60 /* XCRemoteSwiftPackageReference "firebase-ios-sdk" */;
			productName = "FirebaseFunctionsCombine-Community";
		};
		9D31BE542B3CE0A200A9EB60 /* FirebaseInAppMessaging-Beta */ = {
			isa = XCSwiftPackageProductDependency;
			package = 9D31BE312B3CE0A200A9EB60 /* XCRemoteSwiftPackageReference "firebase-ios-sdk" */;
			productName = "FirebaseInAppMessaging-Beta";
		};
		9D31BE562B3CE0A200A9EB60 /* FirebaseInAppMessagingSwift-Beta */ = {
			isa = XCSwiftPackageProductDependency;
			package = 9D31BE312B3CE0A200A9EB60 /* XCRemoteSwiftPackageReference "firebase-ios-sdk" */;
			productName = "FirebaseInAppMessagingSwift-Beta";
		};
		9D31BE582B3CE0A200A9EB60 /* FirebaseInstallations */ = {
			isa = XCSwiftPackageProductDependency;
			package = 9D31BE312B3CE0A200A9EB60 /* XCRemoteSwiftPackageReference "firebase-ios-sdk" */;
			productName = FirebaseInstallations;
		};
		9D31BE5A2B3CE0A200A9EB60 /* FirebaseMLModelDownloader */ = {
			isa = XCSwiftPackageProductDependency;
			package = 9D31BE312B3CE0A200A9EB60 /* XCRemoteSwiftPackageReference "firebase-ios-sdk" */;
			productName = FirebaseMLModelDownloader;
		};
		9D31BE5C2B3CE0A200A9EB60 /* FirebaseMessaging */ = {
			isa = XCSwiftPackageProductDependency;
			package = 9D31BE312B3CE0A200A9EB60 /* XCRemoteSwiftPackageReference "firebase-ios-sdk" */;
			productName = FirebaseMessaging;
		};
		9D31BE5E2B3CE0A200A9EB60 /* FirebasePerformance */ = {
			isa = XCSwiftPackageProductDependency;
			package = 9D31BE312B3CE0A200A9EB60 /* XCRemoteSwiftPackageReference "firebase-ios-sdk" */;
			productName = FirebasePerformance;
		};
		9D31BE602B3CE0A200A9EB60 /* FirebaseRemoteConfig */ = {
			isa = XCSwiftPackageProductDependency;
			package = 9D31BE312B3CE0A200A9EB60 /* XCRemoteSwiftPackageReference "firebase-ios-sdk" */;
			productName = FirebaseRemoteConfig;
		};
		9D31BE622B3CE0A200A9EB60 /* FirebaseRemoteConfigSwift */ = {
			isa = XCSwiftPackageProductDependency;
			package = 9D31BE312B3CE0A200A9EB60 /* XCRemoteSwiftPackageReference "firebase-ios-sdk" */;
			productName = FirebaseRemoteConfigSwift;
		};
		9D31BE642B3CE0A200A9EB60 /* FirebaseStorage */ = {
			isa = XCSwiftPackageProductDependency;
			package = 9D31BE312B3CE0A200A9EB60 /* XCRemoteSwiftPackageReference "firebase-ios-sdk" */;
			productName = FirebaseStorage;
		};
		9D31BE662B3CE0A200A9EB60 /* FirebaseStorageCombine-Community */ = {
			isa = XCSwiftPackageProductDependency;
			package = 9D31BE312B3CE0A200A9EB60 /* XCRemoteSwiftPackageReference "firebase-ios-sdk" */;
			productName = "FirebaseStorageCombine-Community";
		};
/* End XCSwiftPackageProductDependency section */
	};
	rootObject = 9D3B93932B328599006849DC /* Project object */;
}
